
Microsoft Visual Studio Solution File, Format Version 12.00
Project("{FAE04EC0-301F-11D3-BF4B-00C04F79EFBC}") = "Codehard.DJ", "Codehard.DJ\Codehard.DJ.csproj", "{BF36D43A-FEC3-41A0-B6D3-4B0E7DFE2143}"
EndProject
Project("{FAE04EC0-301F-11D3-BF4B-00C04F79EFBC}") = "Infrastructure.Discord", "Infrastructure.Discord\Infrastructure.Discord.csproj", "{1EDF35FF-A84C-4C62-9365-6B6AF8BD0607}"
EndProject
Global
	GlobalSection(SolutionConfigurationPlatforms) = preSolution
		Debug|Any CPU = Debug|Any CPU
		Release|Any CPU = Release|Any CPU
	EndGlobalSection
	GlobalSection(ProjectConfigurationPlatforms) = postSolution
		{BF36D43A-FEC3-41A0-B6D3-4B0E7DFE2143}.Debug|Any CPU.ActiveCfg = Debug|Any CPU
		{BF36D43A-FEC3-41A0-B6D3-4B0E7DFE2143}.Debug|Any CPU.Build.0 = Debug|Any CPU
		{BF36D43A-FEC3-41A0-B6D3-4B0E7DFE2143}.Release|Any CPU.ActiveCfg = Release|Any CPU
		{BF36D43A-FEC3-41A0-B6D3-4B0E7DFE2143}.Release|Any CPU.Build.0 = Release|Any CPU
		{1EDF35FF-A84C-4C62-9365-6B6AF8BD0607}.Debug|Any CPU.ActiveCfg = Debug|Any CPU
		{1EDF35FF-A84C-4C62-9365-6B6AF8BD0607}.Debug|Any CPU.Build.0 = Debug|Any CPU
		{1EDF35FF-A84C-4C62-9365-6B6AF8BD0607}.Release|Any CPU.ActiveCfg = Release|Any CPU
		{1EDF35FF-A84C-4C62-9365-6B6AF8BD0607}.Release|Any CPU.Build.0 = Release|Any CPU
	EndGlobalSection
EndGlobal
